
Microsoft Visual Studio Solution File, Format Version 12.00
# Visual Studio Version 16
VisualStudioVersion = 16.0.31205.134
MinimumVisualStudioVersion = 10.0.40219.1
Project("{FAE04EC0-301F-11D3-BF4B-00C04F79EFBC}") = "BestBuyBestPractices", "BestBuyBestPractices\BestBuyBestPractices.csproj", "{8702B3AC-E134-4555-A9D4-A4D35F4E68CD}"
EndProject
Global
	GlobalSection(SolutionConfigurationPlatforms) = preSolution
		Debug|Any CPU = Debug|Any CPU
		Release|Any CPU = Release|Any CPU
	EndGlobalSection
	GlobalSection(ProjectConfigurationPlatforms) = postSolution
		{8702B3AC-E134-4555-A9D4-A4D35F4E68CD}.Debug|Any CPU.ActiveCfg = Debug|Any CPU
		{8702B3AC-E134-4555-A9D4-A4D35F4E68CD}.Debug|Any CPU.Build.0 = Debug|Any CPU
		{8702B3AC-E134-4555-A9D4-A4D35F4E68CD}.Release|Any CPU.ActiveCfg = Release|Any CPU
		{8702B3AC-E134-4555-A9D4-A4D35F4E68CD}.Release|Any CPU.Build.0 = Release|Any CPU
	EndGlobalSection
	GlobalSection(SolutionProperties) = preSolution
		HideSolutionNode = FALSE
	EndGlobalSection
	GlobalSection(ExtensibilityGlobals) = postSolution
		SolutionGuid = {524A0E51-B6AA-4759-A912-513E46026665}
	EndGlobalSection
EndGlobal
